
Microsoft Visual Studio Solution File, Format Version 12.00
# Visual Studio Version 17
VisualStudioVersion = 17.0.31903.59
MinimumVisualStudioVersion = 10.0.40219.1
Project("{FAE04EC0-301F-11D3-BF4B-00C04F79EFBC}") = "DeliveryExpress.Api", "DeliveryExpress.Api\DeliveryExpress.Api.csproj", "{79DFB90A-8000-4754-B595-B032036FEEC2}"
EndProject
Project("{FAE04EC0-301F-11D3-BF4B-00C04F79EFBC}") = "DeliveryExpress.Application", "DeliveryExpress.Application\DeliveryExpress.Application.csproj", "{565EAAB2-70C0-4801-AE06-02BADE83BB4A}"
EndProject
Project("{FAE04EC0-301F-11D3-BF4B-00C04F79EFBC}") = "DeliveryExpress.Contracts", "DeliveryExpress.Contracts\DeliveryExpress.Contracts.csproj", "{B570DC67-0077-45AF-99C2-CFE561681C3F}"
EndProject
Project("{FAE04EC0-301F-11D3-BF4B-00C04F79EFBC}") = "DeliveryExpress.Domain", "DeliveryExpress.Domain\DeliveryExpress.Domain.csproj", "{A7BE2142-57F4-45BB-B413-A3CEDA011390}"
EndProject
Project("{FAE04EC0-301F-11D3-BF4B-00C04F79EFBC}") = "DeliveryExpress.Infrastructure", "DeliveryExpress.Infrastructure\DeliveryExpress.Infrastructure.csproj", "{05D1BDF9-0F48-4F70-9CE7-92123083D6EC}"
EndProject
Global
	GlobalSection(SolutionConfigurationPlatforms) = preSolution
		Debug|Any CPU = Debug|Any CPU
		Release|Any CPU = Release|Any CPU
	EndGlobalSection
	GlobalSection(SolutionProperties) = preSolution
		HideSolutionNode = FALSE
	EndGlobalSection
	GlobalSection(ProjectConfigurationPlatforms) = postSolution
		{79DFB90A-8000-4754-B595-B032036FEEC2}.Debug|Any CPU.ActiveCfg = Debug|Any CPU
		{79DFB90A-8000-4754-B595-B032036FEEC2}.Debug|Any CPU.Build.0 = Debug|Any CPU
		{79DFB90A-8000-4754-B595-B032036FEEC2}.Release|Any CPU.ActiveCfg = Release|Any CPU
		{79DFB90A-8000-4754-B595-B032036FEEC2}.Release|Any CPU.Build.0 = Release|Any CPU
		{565EAAB2-70C0-4801-AE06-02BADE83BB4A}.Debug|Any CPU.ActiveCfg = Debug|Any CPU
		{565EAAB2-70C0-4801-AE06-02BADE83BB4A}.Debug|Any CPU.Build.0 = Debug|Any CPU
		{565EAAB2-70C0-4801-AE06-02BADE83BB4A}.Release|Any CPU.ActiveCfg = Release|Any CPU
		{565EAAB2-70C0-4801-AE06-02BADE83BB4A}.Release|Any CPU.Build.0 = Release|Any CPU
		{B570DC67-0077-45AF-99C2-CFE561681C3F}.Debug|Any CPU.ActiveCfg = Debug|Any CPU
		{B570DC67-0077-45AF-99C2-CFE561681C3F}.Debug|Any CPU.Build.0 = Debug|Any CPU
		{B570DC67-0077-45AF-99C2-CFE561681C3F}.Release|Any CPU.ActiveCfg = Release|Any CPU
		{B570DC67-0077-45AF-99C2-CFE561681C3F}.Release|Any CPU.Build.0 = Release|Any CPU
		{A7BE2142-57F4-45BB-B413-A3CEDA011390}.Debug|Any CPU.ActiveCfg = Debug|Any CPU
		{A7BE2142-57F4-45BB-B413-A3CEDA011390}.Debug|Any CPU.Build.0 = Debug|Any CPU
		{A7BE2142-57F4-45BB-B413-A3CEDA011390}.Release|Any CPU.ActiveCfg = Release|Any CPU
		{A7BE2142-57F4-45BB-B413-A3CEDA011390}.Release|Any CPU.Build.0 = Release|Any CPU
		{05D1BDF9-0F48-4F70-9CE7-92123083D6EC}.Debug|Any CPU.ActiveCfg = Debug|Any CPU
		{05D1BDF9-0F48-4F70-9CE7-92123083D6EC}.Debug|Any CPU.Build.0 = Debug|Any CPU
		{05D1BDF9-0F48-4F70-9CE7-92123083D6EC}.Release|Any CPU.ActiveCfg = Release|Any CPU
		{05D1BDF9-0F48-4F70-9CE7-92123083D6EC}.Release|Any CPU.Build.0 = Release|Any CPU
	EndGlobalSection
EndGlobal
